
Microsoft Visual Studio Solution File, Format Version 12.00
# Visual Studio Version 17
VisualStudioVersion = 17.0.31903.59
MinimumVisualStudioVersion = 10.0.40219.1
Project("{9A19103F-16F7-4668-BE54-9A1E7A4F7556}") = "MRZuIS1", "MRZuIS1.csproj", "{FFA8638B-B87E-46D7-99F0-51678C5BD7FB}"
EndProject
Global
	GlobalSection(SolutionConfigurationPlatforms) = preSolution
		Debug|Any CPU = Debug|Any CPU
		Release|Any CPU = Release|Any CPU
	EndGlobalSection
	GlobalSection(ProjectConfigurationPlatforms) = postSolution
		{FFA8638B-B87E-46D7-99F0-51678C5BD7FB}.Debug|Any CPU.ActiveCfg = Debug|Any CPU
		{FFA8638B-B87E-46D7-99F0-51678C5BD7FB}.Debug|Any CPU.Build.0 = Debug|Any CPU
		{FFA8638B-B87E-46D7-99F0-51678C5BD7FB}.Release|Any CPU.ActiveCfg = Release|Any CPU
		{FFA8638B-B87E-46D7-99F0-51678C5BD7FB}.Release|Any CPU.Build.0 = Release|Any CPU
	EndGlobalSection
	GlobalSection(SolutionProperties) = preSolution
		HideSolutionNode = FALSE
	EndGlobalSection
	GlobalSection(ExtensibilityGlobals) = postSolution
		SolutionGuid = {15D57C3A-D513-4A44-AE25-9CFD67268A51}
	EndGlobalSection
EndGlobal
